
Microsoft Visual Studio Solution File, Format Version 12.00
# Visual Studio Version 17
VisualStudioVersion = 17.14.36408.4
MinimumVisualStudioVersion = 10.0.40219.1
Project("{FAE04EC0-301F-11D3-BF4B-00C04F79EFBC}") = "Backend", "Backend\Backend.csproj", "{AD177C0C-FDB5-4A36-9482-F0F3D82EFD5B}"
EndProject
Project("{FAE04EC0-301F-11D3-BF4B-00C04F79EFBC}") = "FrontEnd", "FrontEnd\FrontEnd.csproj", "{7B8118EA-CC10-4B01-AE4A-5B0825788125}"
EndProject
Global
	GlobalSection(SolutionConfigurationPlatforms) = preSolution
		Debug|Any CPU = Debug|Any CPU
		Release|Any CPU = Release|Any CPU
	EndGlobalSection
	GlobalSection(ProjectConfigurationPlatforms) = postSolution
		{AD177C0C-FDB5-4A36-9482-F0F3D82EFD5B}.Debug|Any CPU.ActiveCfg = Debug|Any CPU
		{AD177C0C-FDB5-4A36-9482-F0F3D82EFD5B}.Debug|Any CPU.Build.0 = Debug|Any CPU
		{AD177C0C-FDB5-4A36-9482-F0F3D82EFD5B}.Release|Any CPU.ActiveCfg = Release|Any CPU
		{AD177C0C-FDB5-4A36-9482-F0F3D82EFD5B}.Release|Any CPU.Build.0 = Release|Any CPU
		{7B8118EA-CC10-4B01-AE4A-5B0825788125}.Debug|Any CPU.ActiveCfg = Debug|Any CPU
		{7B8118EA-CC10-4B01-AE4A-5B0825788125}.Debug|Any CPU.Build.0 = Debug|Any CPU
		{7B8118EA-CC10-4B01-AE4A-5B0825788125}.Release|Any CPU.ActiveCfg = Release|Any CPU
		{7B8118EA-CC10-4B01-AE4A-5B0825788125}.Release|Any CPU.Build.0 = Release|Any CPU
	EndGlobalSection
	GlobalSection(SolutionProperties) = preSolution
		HideSolutionNode = FALSE
	EndGlobalSection
	GlobalSection(ExtensibilityGlobals) = postSolution
		SolutionGuid = {8F420BA4-1879-4220-B87A-CB51529164F2}
	EndGlobalSection
EndGlobal
